{
    "_readme": [
        "This file locks the dependencies of your project to a known state",
        "Read more about it at https://getcomposer.org/doc/01-basic-usage.md#installing-dependencies",
        "This file is @generated automatically"
    ],
    "content-hash": "56569fe34e56cb046e9e4a04bdb17b4b",
    "packages": [
        {
            "name": "composer/installers",
            "version": "v1.6.0",
            "source": {
                "type": "git",
                "url": "https://github.com/composer/installers.git",
                "reference": "cfcca6b1b60bc4974324efb5783c13dca6932b5b"
            },
            "dist": {
                "type": "zip",
                "url": "https://api.github.com/repos/composer/installers/zipball/cfcca6b1b60bc4974324efb5783c13dca6932b5b",
                "reference": "cfcca6b1b60bc4974324efb5783c13dca6932b5b",
                "shasum": ""
            },
            "require": {
                "composer-plugin-api": "^1.0"
            },
            "replace": {
                "roundcube/plugin-installer": "*",
                "shama/baton": "*"
            },
            "require-dev": {
                "composer/composer": "1.0.*@dev",
                "phpunit/phpunit": "^4.8.36"
            },
            "type": "composer-plugin",
            "extra": {
                "class": "Composer\\Installers\\Plugin",
                "branch-alias": {
                    "dev-master": "1.0-dev"
                }
            },
            "autoload": {
                "psr-4": {
                    "Composer\\Installers\\": "src/Composer/Installers"
                }
            },
            "notification-url": "https://packagist.org/downloads/",
            "license": [
                "MIT"
            ],
            "authors": [
                {
                    "name": "Kyle Robinson Young",
                    "email": "kyle@dontkry.com",
                    "homepage": "https://github.com/shama"
                }
            ],
            "description": "A multi-framework Composer library installer",
            "homepage": "https://composer.github.io/installers/",
            "keywords": [
                "Craft",
                "Dolibarr",
                "Eliasis",
                "Hurad",
                "ImageCMS",
                "Kanboard",
                "Lan Management System",
                "MODX Evo",
                "Mautic",
                "Maya",
                "OXID",
                "Plentymarkets",
                "Porto",
                "RadPHP",
                "SMF",
                "Thelia",
                "WolfCMS",
                "agl",
                "aimeos",
                "annotatecms",
                "attogram",
                "bitrix",
                "cakephp",
                "chef",
                "cockpit",
                "codeigniter",
                "concrete5",
                "croogo",
                "dokuwiki",
                "drupal",
                "eZ Platform",
                "elgg",
                "expressionengine",
                "fuelphp",
                "grav",
                "installer",
                "itop",
                "joomla",
                "kohana",
                "laravel",
                "lavalite",
                "lithium",
                "magento",
                "majima",
                "mako",
                "mediawiki",
                "modulework",
                "modx",
                "moodle",
                "osclass",
                "phpbb",
                "piwik",
                "ppi",
                "puppet",
                "pxcms",
                "reindex",
                "roundcube",
                "shopware",
                "silverstripe",
                "sydes",
                "symfony",
                "typo3",
                "wordpress",
                "yawik",
                "zend",
                "zikula"
            ],
            "time": "2018-08-27T06:10:37+00:00"
        },
        {
            "name": "cweagans/composer-patches",
            "version": "1.6.6",
            "source": {
                "type": "git",
                "url": "https://github.com/cweagans/composer-patches.git",
                "reference": "1d89dcc730e7f42426c434b88261fcfb3bce651e"
            },
            "dist": {
                "type": "zip",
                "url": "https://api.github.com/repos/cweagans/composer-patches/zipball/1d89dcc730e7f42426c434b88261fcfb3bce651e",
                "reference": "1d89dcc730e7f42426c434b88261fcfb3bce651e",
                "shasum": ""
            },
            "require": {
                "composer-plugin-api": "^1.0",
                "php": ">=5.3.0"
            },
            "require-dev": {
                "composer/composer": "~1.0",
                "phpunit/phpunit": "~4.6"
            },
            "type": "composer-plugin",
            "extra": {
                "class": "cweagans\\Composer\\Patches"
            },
            "autoload": {
                "psr-4": {
                    "cweagans\\Composer\\": "src"
                }
            },
            "notification-url": "https://packagist.org/downloads/",
            "license": [
                "BSD-3-Clause"
            ],
            "authors": [
                {
                    "name": "Cameron Eagans",
                    "email": "me@cweagans.net"
                }
            ],
            "description": "Provides a way to patch Composer packages.",
            "time": "2018-10-24T15:51:16+00:00"
        },
        {
            "name": "drupal/context",
            "version": "3.0.0-beta2",
            "source": {
                "type": "git",
                "url": "https://git.drupalcode.org/project/context.git",
                "reference": "7.x-3.0-beta2"
            },
            "dist": {
                "type": "zip",
                "url": "https://ftp.drupal.org/files/projects/context-7.x-3.0-beta2.zip",
                "reference": "7.x-3.0-beta2",
                "shasum": "e2aebffe4cf68b63a08f6bf73717bdd560cde44c"
            },
            "require": {
                "drupal/ctools": "*",
                "drupal/drupal": "~7.0"
            },
            "type": "drupal-module",
            "extra": {
                "branch-alias": {
                    "dev-3.x": "3.x-dev"
                },
                "drupal": {
                    "version": "7.x-3.0-beta2",
                    "datestamp": "1533185792",
                    "security-coverage": {
                        "status": "not-covered",
                        "message": "Beta releases are not covered by Drupal security advisories."
                    }
                },
                "patches_applied": {
                    "Enter drupal/context patch #0 description here": "https://drupal.org/files/issues/custom_blocks_arent_editable-make.patch",
                    "Enter drupal/context patch #1 description here": "https://drupal.org/files/issues/661094-context-permissions.patch"
                }
            },
            "notification-url": "https://packages.drupal.org/7/downloads",
            "license": [
                "GPL-2.0-or-later"
            ],
            "authors": [
                {
                    "name": "NormySan",
                    "homepage": "https://www.drupal.org/user/112352"
                },
                {
                    "name": "Steven Jones",
                    "homepage": "https://www.drupal.org/user/99644"
                },
                {
                    "name": "alex_b",
                    "homepage": "https://www.drupal.org/user/53995"
                },
                {
                    "name": "boshtian",
                    "homepage": "https://www.drupal.org/user/1773456"
                },
                {
                    "name": "colan",
                    "homepage": "https://www.drupal.org/user/58704"
                },
                {
                    "name": "emanaton",
                    "homepage": "https://www.drupal.org/user/120853"
                },
                {
                    "name": "febbraro",
                    "homepage": "https://www.drupal.org/user/43670"
                },
                {
                    "name": "fizk",
                    "homepage": "https://www.drupal.org/user/473174"
                },
                {
                    "name": "hass",
                    "homepage": "https://www.drupal.org/user/85918"
                },
                {
                    "name": "hefox",
                    "homepage": "https://www.drupal.org/user/426416"
                },
                {
                    "name": "hyrcan",
                    "homepage": "https://www.drupal.org/user/26618"
                },
                {
                    "name": "jmiccolis",
                    "homepage": "https://www.drupal.org/user/31731"
                },
                {
                    "name": "nedjo",
                    "homepage": "https://www.drupal.org/user/4481"
                },
                {
                    "name": "tekante",
                    "homepage": "https://www.drupal.org/user/640024"
                },
                {
                    "name": "yhahn",
                    "homepage": "https://www.drupal.org/user/264833"
                }
            ],
            "description": "Provide modules with a cache that lasts for a single page request.",
            "homepage": "https://www.drupal.org/project/context",
            "support": {
                "source": "https://git.drupalcode.org/project/context"
            }
        },
        {
            "name": "drupal/ctools",
            "version": "1.15.0",
            "source": {
                "type": "git",
                "url": "https://git.drupalcode.org/project/ctools.git",
                "reference": "7.x-1.15"
            },
            "dist": {
                "type": "zip",
                "url": "https://ftp.drupal.org/files/projects/ctools-7.x-1.15.zip",
                "reference": "7.x-1.15",
                "shasum": "d55e992f3c68dc663505b3e68a0418fee17cf960"
            },
            "require": {
                "drupal/drupal": "~7.0"
            },
            "require-dev": {
                "drupal/advanced_help": "*",
                "drupal/page_manager": "*",
                "drupal/panels": "*",
                "drupal/views": "*"
            },
            "type": "drupal-module",
            "extra": {
                "branch-alias": {
                    "dev-1.x": "1.x-dev"
                },
                "drupal": {
                    "version": "7.x-1.15",
                    "datestamp": "1549603684",
                    "security-coverage": {
                        "status": "covered",
                        "message": "Covered by Drupal's security advisory policy"
                    }
                }
            },
            "notification-url": "https://packages.drupal.org/7/downloads",
            "license": [
                "GPL-2.0-or-later"
            ],
            "authors": [
                {
                    "name": "EclipseGc",
                    "homepage": "https://www.drupal.org/user/61203"
                },
                {
                    "name": "damiankloip",
                    "homepage": "https://www.drupal.org/user/1037976"
                },
                {
                    "name": "dawehner",
                    "homepage": "https://www.drupal.org/user/99340"
                },
                {
                    "name": "esmerel",
                    "homepage": "https://www.drupal.org/user/164022"
                },
                {
                    "name": "japerry",
                    "homepage": "https://www.drupal.org/user/45640"
                },
                {
                    "name": "joelpittet",
                    "homepage": "https://www.drupal.org/user/160302"
                },
                {
                    "name": "merlinofchaos",
                    "homepage": "https://www.drupal.org/user/26979"
                },
                {
                    "name": "neclimdul",
                    "homepage": "https://www.drupal.org/user/48673"
                },
                {
                    "name": "sdboyer",
                    "homepage": "https://www.drupal.org/user/146719"
                },
                {
                    "name": "sun",
                    "homepage": "https://www.drupal.org/user/54136"
                },
                {
                    "name": "tim.plunkett",
                    "homepage": "https://www.drupal.org/user/241634"
                }
            ],
            "description": "A library of helpful tools by Merlin of Chaos.",
            "homepage": "https://www.drupal.org/project/ctools",
            "support": {
                "source": "https://git.drupalcode.org/project/ctools"
            }
        },
        {
            "name": "drupal/drupal",
            "version": "7.67.0",
            "source": {
                "type": "git",
                "url": "https://git.drupalcode.org/project/drupal.git",
                "reference": "7.67"
            },
            "dist": {
                "type": "zip",
                "url": "https://ftp.drupal.org/files/projects/drupal-7.67.zip",
                "reference": "7.67",
                "shasum": "b7143116f747df1f5a07674f9b7132cc98589b55"
            },
            "type": "drupal-core",
            "extra": {
                "branch-alias": {
                    "dev-7.x": "7.x-dev"
                },
                "drupal": {
                    "version": "7.67",
                    "datestamp": "1557377067",
                    "security-coverage": {
                        "status": "covered",
                        "message": "Covered by Drupal's security advisory policy"
                    }
                }
            },
            "notification-url": "https://packages.drupal.org/7/downloads",
            "license": [
                "GPL-2.0-or-later"
            ],
            "authors": [
                {
                    "name": "David_Rothstein",
                    "homepage": "https://www.drupal.org/user/124982"
                },
                {
                    "name": "Dries",
                    "homepage": "https://www.drupal.org/user/1"
                },
                {
                    "name": "Drupal",
                    "homepage": "https://www.drupal.org/user/3"
                },
                {
                    "name": "Fabianx",
                    "homepage": "https://www.drupal.org/user/693738"
                },
                {
                    "name": "Gábor Hojtsy",
                    "homepage": "https://www.drupal.org/user/4166"
                },
                {
                    "name": "alexpott",
                    "homepage": "https://www.drupal.org/user/157725"
                },
                {
                    "name": "catch",
                    "homepage": "https://www.drupal.org/user/35733"
                },
                {
                    "name": "cilefen",
                    "homepage": "https://www.drupal.org/user/1850070"
                },
                {
                    "name": "drumm",
                    "homepage": "https://www.drupal.org/user/3064"
                },
                {
                    "name": "effulgentsia",
                    "homepage": "https://www.drupal.org/user/78040"
                },
                {
                    "name": "larowlan",
                    "homepage": "https://www.drupal.org/user/395439"
                },
                {
                    "name": "lauriii",
                    "homepage": "https://www.drupal.org/user/1078742"
                },
                {
                    "name": "plach",
                    "homepage": "https://www.drupal.org/user/183211"
                },
                {
                    "name": "stefan.r",
                    "homepage": "https://www.drupal.org/user/551886"
                },
                {
                    "name": "webchick",
                    "homepage": "https://www.drupal.org/user/24967"
                },
                {
                    "name": "xjm",
                    "homepage": "https://www.drupal.org/user/65776"
                },
                {
                    "name": "yoroy",
                    "homepage": "https://www.drupal.org/user/41502"
                }
            ],
            "homepage": "https://www.drupal.org/project/drupal",
            "support": {
                "source": "https://git.drupalcode.org/project/drupal"
            }
        },
        {
            "name": "drupal/features",
            "version": "1.0.0-beta4",
            "source": {
                "type": "git",
                "url": "https://git.drupalcode.org/project/features.git",
                "reference": "7.x-1.0-beta4"
            },
            "dist": {
                "type": "zip",
                "url": "https://ftp.drupal.org/files/projects/features-7.x-1.0-beta4.zip",
                "reference": "7.x-1.0-beta4",
                "shasum": "c18cc2730473f98a7d16a082f3b5f160d0ff9795"
            },
            "require": {
                "drupal/drupal": "~7.0"
            },
            "type": "drupal-module",
            "extra": {
                "branch-alias": {
                    "dev-1.x": "1.x-dev"
                },
                "drupal": {
                    "version": "7.x-1.0-beta4",
                    "datestamp": "1460561197",
                    "security-coverage": {
                        "status": "not-covered",
                        "message": "Beta releases are not covered by Drupal security advisories."
                    }
                },
                "patches_applied": {
                    "Enter drupal/features patch #0 description here": "https://drupal.org/files/issues/features-drush-backend-invoke-25.patch"
                }
            },
            "notification-url": "https://packages.drupal.org/7/downloads",
            "license": [
                "GPL-2.0-or-later"
            ],
            "authors": [
                {
                    "name": "dawehner",
                    "homepage": "https://www.drupal.org/user/99340"
                },
                {
                    "name": "e2thex",
                    "homepage": "https://www.drupal.org/user/189123"
                },
                {
                    "name": "febbraro",
                    "homepage": "https://www.drupal.org/user/43670"
                },
                {
                    "name": "jmiccolis",
                    "homepage": "https://www.drupal.org/user/31731"
                },
                {
                    "name": "joseph.olstad",
                    "homepage": "https://www.drupal.org/user/1321830"
                },
                {
                    "name": "mpotter",
                    "homepage": "https://www.drupal.org/user/616192"
                },
                {
                    "name": "nedjo",
                    "homepage": "https://www.drupal.org/user/4481"
                },
                {
                    "name": "tim.plunkett",
                    "homepage": "https://www.drupal.org/user/241634"
                }
            ],
            "description": "Provides feature management for Drupal.",
            "homepage": "https://www.drupal.org/project/features",
            "support": {
                "source": "https://git.drupalcode.org/project/features"
            }
        },
        {
            "name": "drupal/wysiwyg",
            "version": "2.1.0",
            "source": {
                "type": "git",
                "url": "https://git.drupalcode.org/project/wysiwyg.git",
                "reference": "7.x-2.1"
            },
            "dist": {
                "type": "zip",
                "url": "https://ftp.drupal.org/files/projects/wysiwyg-7.x-2.1.zip",
                "reference": "7.x-2.1",
                "shasum": "3be46576436e84ae32f091f1b09287d3f7cc4748"
            },
            "require": {
                "drupal/drupal": "~7.0"
            },
            "type": "drupal-module",
            "extra": {
                "branch-alias": {
                    "dev-2.x": "2.x-dev"
                },
                "drupal": {
                    "version": "7.x-2.1",
                    "datestamp": "1390358005",
                    "security-coverage": {
                        "status": "covered",
                        "message": "Covered by Drupal's security advisory policy"
                    }
                },
                "patches_applied": {
                    "Enter drupal/wysiwyg patch #0 description here": "https://drupal.org/files/0001-feature.inc-from-624018-211.patch",
                    "Enter drupal/wysiwyg patch #1 description here": "patches-local-test-wysiwyg.patch"
                }
            },
            "notification-url": "https://packages.drupal.org/7/downloads",
            "license": [
                "GPL-2.0-or-later"
            ],
            "authors": [
                {
                    "name": "TwoD",
                    "homepage": "https://www.drupal.org/user/244227"
                },
                {
                    "name": "sun",
                    "homepage": "https://www.drupal.org/user/54136"
                }
            ],
            "description": "Allows to edit content with client-side editors.",
            "homepage": "https://www.drupal.org/project/wysiwyg",
            "support": {
                "source": "https://git.drupalcode.org/project/wysiwyg"
            }
        }
    ],
    "packages-dev": [],
    "aliases": [],
    "minimum-stability": "dev",
    "stability-flags": [],
    "prefer-stable": true,
    "prefer-lowest": false,
    "platform": [],
    "platform-dev": []
}
