{
    "_readme": [
        "This file locks the dependencies of your project to a known state",
        "Read more about it at https://getcomposer.org/doc/01-basic-usage.md#composer-lock-the-lock-file",
        "This file is @generated automatically"
    ],
    "hash": "ded042990efb1c573ef284e73156d835",
    "content-hash": "e03033724e81829af4933cd3370a66d9",
    "packages": [
        {
            "name": "composer/installers",
            "version": "v1.0.23",
            "source": {
                "type": "git",
                "url": "https://github.com/composer/installers.git",
                "reference": "6213d900e92647831f7a406d5c530ea1f3d4360e"
            },
            "dist": {
                "type": "zip",
                "url": "https://api.github.com/repos/composer/installers/zipball/6213d900e92647831f7a406d5c530ea1f3d4360e",
                "reference": "6213d900e92647831f7a406d5c530ea1f3d4360e",
                "shasum": ""
            },
            "require": {
                "composer-plugin-api": "^1.0"
            },
            "replace": {
                "roundcube/plugin-installer": "*",
                "shama/baton": "*"
            },
            "require-dev": {
                "composer/composer": "1.0.*@dev",
                "phpunit/phpunit": "4.1.*"
            },
            "type": "composer-plugin",
            "extra": {
                "class": "Composer\\Installers\\Plugin",
                "branch-alias": {
                    "dev-master": "1.0-dev"
                }
            },
            "autoload": {
                "psr-0": {
                    "Composer\\Installers\\": "src/"
                }
            },
            "notification-url": "https://packagist.org/downloads/",
            "license": [
                "MIT"
            ],
            "authors": [
                {
                    "name": "Kyle Robinson Young",
                    "email": "kyle@dontkry.com",
                    "homepage": "https://github.com/shama"
                }
            ],
            "description": "A multi-framework Composer library installer",
            "homepage": "http://composer.github.com/installers/",
            "keywords": [
                "Craft",
                "Dolibarr",
                "Hurad",
                "MODX Evo",
                "OXID",
                "SMF",
                "Thelia",
                "WolfCMS",
                "agl",
                "aimeos",
                "annotatecms",
                "bitrix",
                "cakephp",
                "chef",
                "codeigniter",
                "concrete5",
                "croogo",
                "dokuwiki",
                "drupal",
                "elgg",
                "fuelphp",
                "grav",
                "installer",
                "joomla",
                "kohana",
                "laravel",
                "lithium",
                "magento",
                "mako",
                "mediawiki",
                "modulework",
                "moodle",
                "phpbb",
                "piwik",
                "ppi",
                "puppet",
                "roundcube",
                "shopware",
                "silverstripe",
                "symfony",
                "typo3",
                "wordpress",
                "zend",
                "zikula"
            ],
            "time": "2016-01-27 12:54:22"
        },
        {
            "name": "cweagans/composer-patches",
            "version": "1.4.0",
            "source": {
                "type": "git",
                "url": "https://github.com/cweagans/composer-patches.git",
                "reference": "0d75c63b6de66144517a1da9084422b78c2ff251"
            },
            "dist": {
                "type": "zip",
                "url": "https://api.github.com/repos/cweagans/composer-patches/zipball/0d75c63b6de66144517a1da9084422b78c2ff251",
                "reference": "0d75c63b6de66144517a1da9084422b78c2ff251",
                "shasum": ""
            },
            "require": {
                "composer-plugin-api": "~1.0",
                "php": ">=5.3.0"
            },
            "require-dev": {
                "composer/composer": "~1.0",
                "phpunit/phpunit": "~4.6"
            },
            "type": "composer-plugin",
            "extra": {
                "class": "cweagans\\Composer\\Patches"
            },
            "autoload": {
                "psr-4": {
                    "cweagans\\Composer\\": "src"
                }
            },
            "notification-url": "https://packagist.org/downloads/",
            "license": [
                "BSD"
            ],
            "authors": [
                {
                    "name": "Cameron Eagans",
                    "email": "me@cweagans.net"
                }
            ],
            "description": "Provides a way to patch Composer packages.",
            "time": "2016-02-29 03:45:02"
        },
        {
            "name": "drupal/context",
            "version": "7.3.0-beta2",
            "source": {
                "type": "git",
                "url": "https://git.drupal.org/project/context",
                "reference": "289025b16464ecf8d1832ff49db3866f5aa40e1b"
            },
            "dist": {
                "type": "zip",
                "url": "https://ftp.drupal.org/files/projects/context-7.x-3.0-beta2.zip",
                "reference": null,
                "shasum": null
            },
            "require": {
                "drupal/ctools": "7.*",
                "drupal/drupal": "7.*"
            },
            "replace": {
                "drupal/context_layouts": "self.version",
                "drupal/context_ui": "self.version"
            },
            "type": "drupal-module",
            "extra": {
                "branch-alias": {
                    "dev-7.x-3.x": "7.3.x-dev"
                },
                "patches_applied": {
                    "Enter drupal/context patch #0 description here": "http://drupal.org/files/issues/custom_blocks_arent_editable-make.patch",
                    "Enter drupal/context patch #1 description here": "http://drupal.org/files/issues/661094-context-permissions.patch"
                }
            },
            "notification-url": "https://packagist.drupal-composer.org/downloads/",
            "description": "Provide modules with a cache that lasts for a single page request.",
            "homepage": "https://www.drupal.org/project/context"
        },
        {
            "name": "drupal/ctools",
            "version": "7.1.9",
            "source": {
                "type": "git",
                "url": "https://git.drupal.org/project/ctools",
                "reference": "1bf2f388cd7371ae16639349ae3b344732faafae"
            },
            "dist": {
                "type": "zip",
                "url": "https://ftp.drupal.org/files/projects/ctools-7.x-1.9.zip",
                "reference": null,
                "shasum": null
            },
            "require": {
                "drupal/drupal": "7.*"
            },
            "replace": {
                "drupal/bulk_export": "self.version",
                "drupal/ctools_access_ruleset": "self.version",
                "drupal/ctools_ajax_sample": "self.version",
                "drupal/ctools_custom_content": "self.version",
                "drupal/ctools_plugin_example": "self.version",
                "drupal/page_manager": "self.version",
                "drupal/stylizer": "self.version",
                "drupal/term_depth": "self.version",
                "drupal/views_content": "self.version"
            },
            "suggest": {
                "drupal/advanced_help": "Required by drupal/ctools_plugin_example",
                "drupal/color": "Required by drupal/stylizer",
                "drupal/page_manager": "Required by drupal/ctools_plugin_example",
                "drupal/panels": "Required by drupal/ctools_plugin_example",
                "drupal/views": "Required by drupal/views_content"
            },
            "type": "drupal-module",
            "extra": {
                "branch-alias": {
                    "dev-7.x-1.x": "7.1.x-dev"
                }
            },
            "notification-url": "https://packagist.drupal-composer.org/downloads/",
            "description": "A library of helpful tools by Merlin of Chaos.",
            "homepage": "https://www.drupal.org/project/ctools"
        },
        {
            "name": "drupal/drupal",
            "version": "7.43.0",
            "source": {
                "type": "git",
                "url": "https://git.drupal.org/project/drupal",
                "reference": "c136d1347b9b92145590cb1f84cc02a695d721fe"
            },
            "dist": {
                "type": "zip",
                "url": "https://ftp.drupal.org/files/projects/drupal-7.43.zip",
                "reference": null,
                "shasum": null
            },
            "replace": {
                "drupal/aggregator": "self.version",
                "drupal/bartik": "self.version",
                "drupal/block": "self.version",
                "drupal/blog": "self.version",
                "drupal/book": "self.version",
                "drupal/color": "self.version",
                "drupal/comment": "self.version",
                "drupal/contact": "self.version",
                "drupal/contextual": "self.version",
                "drupal/dashboard": "self.version",
                "drupal/dblog": "self.version",
                "drupal/field": "self.version",
                "drupal/field_sql_storage": "self.version",
                "drupal/field_ui": "self.version",
                "drupal/file": "self.version",
                "drupal/filter": "self.version",
                "drupal/forum": "self.version",
                "drupal/garland": "self.version",
                "drupal/help": "self.version",
                "drupal/image": "self.version",
                "drupal/list": "self.version",
                "drupal/locale": "self.version",
                "drupal/menu": "self.version",
                "drupal/minimal": "self.version",
                "drupal/node": "self.version",
                "drupal/number": "self.version",
                "drupal/openid": "self.version",
                "drupal/options": "self.version",
                "drupal/overlay": "self.version",
                "drupal/path": "self.version",
                "drupal/php": "self.version",
                "drupal/poll": "self.version",
                "drupal/profile": "self.version",
                "drupal/rdf": "self.version",
                "drupal/search": "self.version",
                "drupal/seven": "self.version",
                "drupal/shortcut": "self.version",
                "drupal/standard": "self.version",
                "drupal/stark": "self.version",
                "drupal/statistics": "self.version",
                "drupal/syslog": "self.version",
                "drupal/system": "self.version",
                "drupal/taxonomy": "self.version",
                "drupal/text": "self.version",
                "drupal/toolbar": "self.version",
                "drupal/tracker": "self.version",
                "drupal/translation": "self.version",
                "drupal/trigger": "self.version",
                "drupal/update": "self.version",
                "drupal/user": "self.version"
            },
            "suggest": {
                "drupal/block": "Required by drupal/dashboard, drupal/minimal, drupal/standard",
                "drupal/color": "Required by drupal/standard",
                "drupal/comment": "Required by drupal/forum, drupal/tracker, drupal/standard",
                "drupal/contextual": "Required by drupal/standard",
                "drupal/dashboard": "Required by drupal/standard",
                "drupal/dblog": "Required by drupal/minimal, drupal/standard",
                "drupal/field": "Required by drupal/field_sql_storage, drupal/list, drupal/number, drupal/options, drupal/text, drupal/field_ui, drupal/file",
                "drupal/field_sql_storage": "Required by drupal/field",
                "drupal/field_ui": "Required by drupal/standard",
                "drupal/file": "Required by drupal/image, drupal/standard",
                "drupal/help": "Required by drupal/standard",
                "drupal/image": "Required by drupal/standard",
                "drupal/list": "Required by drupal/standard",
                "drupal/locale": "Required by drupal/translation",
                "drupal/menu": "Required by drupal/standard",
                "drupal/number": "Required by drupal/standard",
                "drupal/options": "Required by drupal/list, drupal/taxonomy, drupal/standard",
                "drupal/overlay": "Required by drupal/standard",
                "drupal/path": "Required by drupal/standard",
                "drupal/rdf": "Required by drupal/standard",
                "drupal/search": "Required by drupal/standard",
                "drupal/shortcut": "Required by drupal/standard",
                "drupal/taxonomy": "Required by drupal/forum, drupal/standard",
                "drupal/text": "Required by drupal/comment",
                "drupal/toolbar": "Required by drupal/standard"
            },
            "type": "drupal-core",
            "extra": {
                "branch-alias": {
                    "dev-7.x-": "7.x-dev"
                }
            },
            "notification-url": "https://packagist.drupal-composer.org/downloads/",
            "description": "Handles general site configuration for administrators.",
            "homepage": "https://www.drupal.org/project/drupal"
        },
        {
            "name": "drupal/features",
            "version": "7.1.0-beta4",
            "source": {
                "type": "git",
                "url": "https://git.drupal.org/project/features",
                "reference": "dc3297e5f4141f40f46635c1bbf05913d0ae662d"
            },
            "dist": {
                "type": "zip",
                "url": "https://ftp.drupal.org/files/projects/features-7.x-1.0-beta4.zip",
                "reference": null,
                "shasum": null
            },
            "require": {
                "drupal/drupal": "7.*"
            },
            "type": "drupal-module",
            "extra": {
                "branch-alias": {
                    "dev-7.x-1.x": "7.1.x-dev"
                },
                "patches_applied": {
                    "Enter drupal/features patch #0 description here": "http://drupal.org/files/issues/features-drush-backend-invoke-25.patch"
                }
            },
            "notification-url": "https://packagist.drupal-composer.org/downloads/",
            "description": "Provides feature management for Drupal.",
            "homepage": "https://www.drupal.org/project/features"
        },
        {
            "name": "drupal/wysiwyg",
            "version": "7.2.1",
            "source": {
                "type": "git",
                "url": "https://git.drupal.org/project/wysiwyg",
                "reference": "2602159043586a5878a08a48f6faa665a62b726a"
            },
            "dist": {
                "type": "zip",
                "url": "https://ftp.drupal.org/files/projects/wysiwyg-7.x-2.1.zip",
                "reference": null,
                "shasum": null
            },
            "require": {
                "drupal/drupal": "7.*"
            },
            "type": "drupal-module",
            "extra": {
                "branch-alias": {
                    "dev-7.x-2.x": "7.2.x-dev"
                },
                "patches_applied": {
                    "Enter drupal/wysiwyg patch #0 description here": "http://drupal.org/files/0001-feature.inc-from-624018-211.patch",
                    "Enter drupal/wysiwyg patch #1 description here": "patches-local-test-wysiwyg.patch"
                }
            },
            "notification-url": "https://packagist.drupal-composer.org/downloads/",
            "description": "Allows to edit content with client-side editors.",
            "homepage": "https://www.drupal.org/project/wysiwyg"
        }
    ],
    "packages-dev": [],
    "aliases": [],
    "minimum-stability": "dev",
    "stability-flags": [],
    "prefer-stable": true,
    "prefer-lowest": false,
    "platform": [],
    "platform-dev": []
}
